// !$*UTF8*$!
{
	archiveVersion = 1;
	classes = {
	};
	objectVersion = 46;
	objects = {

/* Begin PBXBuildFile section */
		97134EA71A2435D5009A748D /* AVFoundation.framework in Frameworks */ = {isa = PBXBuildFile; fileRef = 97134EA61A2435D5009A748D /* AVFoundation.framework */; };
		97134EAC1A2447D8009A748D /* ListenItemViewController.m in Sources */ = {isa = PBXBuildFile; fileRef = 97134EAB1A2447D8009A748D /* ListenItemViewController.m */; };
		97616FD61A23201000C3CBD1 /* ParentRootViewFlowLayout.m in Sources */ = {isa = PBXBuildFile; fileRef = 97616FD51A23201000C3CBD1 /* ParentRootViewFlowLayout.m */; };
		97891A971A26199C00FBE71F /* PracticeOneViewController.m in Sources */ = {isa = PBXBuildFile; fileRef = 97891A961A26199C00FBE71F /* PracticeOneViewController.m */; };
		9789D8E81A220D5600298C9B /* main.m in Sources */ = {isa = PBXBuildFile; fileRef = 9789D8E71A220D5600298C9B /* main.m */; };
		9789D8EB1A220D5600298C9B /* AppDelegate.m in Sources */ = {isa = PBXBuildFile; fileRef = 9789D8EA1A220D5600298C9B /* AppDelegate.m */; };
		9789D8EE1A220D5600298C9B /* ListenRootViewController.m in Sources */ = {isa = PBXBuildFile; fileRef = 9789D8ED1A220D5600298C9B /* ListenRootViewController.m */; };
		9789D8F11A220D5600298C9B /* PracticeRootViewController.m in Sources */ = {isa = PBXBuildFile; fileRef = 9789D8F01A220D5600298C9B /* PracticeRootViewController.m */; };
		9789D8F41A220D5600298C9B /* Main.storyboard in Resources */ = {isa = PBXBuildFile; fileRef = 9789D8F21A220D5600298C9B /* Main.storyboard */; };
		9789D8F91A220D5600298C9B /* LaunchScreen.xib in Resources */ = {isa = PBXBuildFile; fileRef = 9789D8F71A220D5600298C9B /* LaunchScreen.xib */; };
		9789D9051A220D5600298C9B /* PinYinPracticeForiPhoneTests.m in Sources */ = {isa = PBXBuildFile; fileRef = 9789D9041A220D5600298C9B /* PinYinPracticeForiPhoneTests.m */; };
		978CE8061A2C4EE800B144FE /* Images.xcassets in Resources */ = {isa = PBXBuildFile; fileRef = 978CE8051A2C4EE800B144FE /* Images.xcassets */; };
		9799DC121A2D5B8600F6579D /* CustomToneButton.m in Sources */ = {isa = PBXBuildFile; fileRef = 9799DC111A2D5B8600F6579D /* CustomToneButton.m */; };
		9799DC161A2D671A00F6579D /* CustomSelectToneIndicatorLabel.m in Sources */ = {isa = PBXBuildFile; fileRef = 9799DC151A2D671A00F6579D /* CustomSelectToneIndicatorLabel.m */; };
		9799DC191A2D690500F6579D /* CustomPinYinLabel.m in Sources */ = {isa = PBXBuildFile; fileRef = 9799DC181A2D690500F6579D /* CustomPinYinLabel.m */; };
		9799DC1C1A2D6E6100F6579D /* CustomPinyinTextField.m in Sources */ = {isa = PBXBuildFile; fileRef = 9799DC1B1A2D6E6100F6579D /* CustomPinyinTextField.m */; };
		9799DC1F1A2D8A7E00F6579D /* CustomToneLabel.m in Sources */ = {isa = PBXBuildFile; fileRef = 9799DC1E1A2D8A7E00F6579D /* CustomToneLabel.m */; };
		97B024901A2769D7005964FB /* PracticeTwoViewController.m in Sources */ = {isa = PBXBuildFile; fileRef = 97B0248F1A2769D7005964FB /* PracticeTwoViewController.m */; };
		97B024931A276A75005964FB /* PracticeTwoCollectionViewCell.m in Sources */ = {isa = PBXBuildFile; fileRef = 97B024921A276A75005964FB /* PracticeTwoCollectionViewCell.m */; };
		97B024971A277F19005964FB /* PracticeThreeCollectionViewCell.m in Sources */ = {isa = PBXBuildFile; fileRef = 97B024961A277F18005964FB /* PracticeThreeCollectionViewCell.m */; };
		97B0249A1A277F2E005964FB /* PracticeThreeViewController.m in Sources */ = {isa = PBXBuildFile; fileRef = 97B024991A277F2E005964FB /* PracticeThreeViewController.m */; };
		97C826981A295DA100016328 /* ParentRootViewController.m in Sources */ = {isa = PBXBuildFile; fileRef = 97C826971A295DA100016328 /* ParentRootViewController.m */; };
		97C8269C1A29674700016328 /* ItemCollectionViewCell.m in Sources */ = {isa = PBXBuildFile; fileRef = 97C8269B1A29674700016328 /* ItemCollectionViewCell.m */; };
		97C8269F1A2968BD00016328 /* ParentRootCollectionViewCell.m in Sources */ = {isa = PBXBuildFile; fileRef = 97C8269E1A2968BD00016328 /* ParentRootCollectionViewCell.m */; };
		97C826A31A2969DE00016328 /* ParentPracticeViewController.m in Sources */ = {isa = PBXBuildFile; fileRef = 97C826A21A2969DE00016328 /* ParentPracticeViewController.m */; };
		97C826A61A29C74000016328 /* ParentPracticeCollectionViewCell.m in Sources */ = {isa = PBXBuildFile; fileRef = 97C826A51A29C74000016328 /* ParentPracticeCollectionViewCell.m */; };
		97C877DC1A283B6A00C56490 /* Phrase.m in Sources */ = {isa = PBXBuildFile; fileRef = 97C877DB1A283B6A00C56490 /* Phrase.m */; };
		97C877DF1A283BDE00C56490 /* PhraseManager.m in Sources */ = {isa = PBXBuildFile; fileRef = 97C877DE1A283BDE00C56490 /* PhraseManager.m */; };
		97C897A61A28E02400C56490 /* FinalPinYinList.txt in Resources */ = {isa = PBXBuildFile; fileRef = 97C897A51A28E02400C56490 /* FinalPinYinList.txt */; };
		97C897A81A28E03D00C56490 /* FullPinyin in Resources */ = {isa = PBXBuildFile; fileRef = 97C897A71A28E03D00C56490 /* FullPinyin */; };
		97FA57521A26CA0100C47156 /* PracticeOneCollectionViewCell.m in Sources */ = {isa = PBXBuildFile; fileRef = 97FA57511A26CA0100C47156 /* PracticeOneCollectionViewCell.m */; };
		97FDE4E01A2EABFF004D9F84 /* CustomPlayMp3Button.m in Sources */ = {isa = PBXBuildFile; fileRef = 97FDE4DF1A2EABFF004D9F84 /* CustomPlayMp3Button.m */; };
		A21CAD2EDAC5426F9FC0040A /* libPods.a in Frameworks */ = {isa = PBXBuildFile; fileRef = 72D101F4BFE0492EA0764C61 /* libPods.a */; };
/* End PBXBuildFile section */

/* Begin PBXContainerItemProxy section */
		9789D8FF1A220D5600298C9B /* PBXContainerItemProxy */ = {
			isa = PBXContainerItemProxy;
			containerPortal = 9789D8DA1A220D5600298C9B /* Project object */;
			proxyType = 1;
			remoteGlobalIDString = 9789D8E11A220D5600298C9B;
			remoteInfo = PinYinPracticeForiPhone;
		};
/* End PBXContainerItemProxy section */

/* Begin PBXFileReference section */
		72D101F4BFE0492EA0764C61 /* libPods.a */ = {isa = PBXFileReference; explicitFileType = archive.ar; includeInIndex = 0; path = libPods.a; sourceTree = BUILT_PRODUCTS_DIR; };
		97134EA61A2435D5009A748D /* AVFoundation.framework */ = {isa = PBXFileReference; lastKnownFileType = wrapper.framework; name = AVFoundation.framework; path = System/Library/Frameworks/AVFoundation.framework; sourceTree = SDKROOT; };
		97134EAA1A2447D8009A748D /* ListenItemViewController.h */ = {isa = PBXFileReference; fileEncoding = 4; lastKnownFileType = sourcecode.c.h; path = ListenItemViewController.h; sourceTree = "<group>"; };
		97134EAB1A2447D8009A748D /* ListenItemViewController.m */ = {isa = PBXFileReference; fileEncoding = 4; lastKnownFileType = sourcecode.c.objc; path = ListenItemViewController.m; sourceTree = "<group>"; };
		97616FD41A23201000C3CBD1 /* ParentRootViewFlowLayout.h */ = {isa = PBXFileReference; fileEncoding = 4; lastKnownFileType = sourcecode.c.h; path = ParentRootViewFlowLayout.h; sourceTree = "<group>"; };
		97616FD51A23201000C3CBD1 /* ParentRootViewFlowLayout.m */ = {isa = PBXFileReference; fileEncoding = 4; lastKnownFileType = sourcecode.c.objc; path = ParentRootViewFlowLayout.m; sourceTree = "<group>"; };
		97616FD71A232EE500C3CBD1 /* Constants.h */ = {isa = PBXFileReference; lastKnownFileType = sourcecode.c.h; path = Constants.h; sourceTree = "<group>"; };
		97891A951A26199C00FBE71F /* PracticeOneViewController.h */ = {isa = PBXFileReference; fileEncoding = 4; lastKnownFileType = sourcecode.c.h; path = PracticeOneViewController.h; sourceTree = "<group>"; };
		97891A961A26199C00FBE71F /* PracticeOneViewController.m */ = {isa = PBXFileReference; fileEncoding = 4; lastKnownFileType = sourcecode.c.objc; path = PracticeOneViewController.m; sourceTree = "<group>"; };
		9789D8E21A220D5600298C9B /* PinYinPracticeForiPhone.app */ = {isa = PBXFileReference; explicitFileType = wrapper.application; includeInIndex = 0; path = PinYinPracticeForiPhone.app; sourceTree = BUILT_PRODUCTS_DIR; };
		9789D8E61A220D5600298C9B /* Info.plist */ = {isa = PBXFileReference; lastKnownFileType = text.plist.xml; path = Info.plist; sourceTree = "<group>"; };
		9789D8E71A220D5600298C9B /* main.m */ = {isa = PBXFileReference; lastKnownFileType = sourcecode.c.objc; path = main.m; sourceTree = "<group>"; };
		9789D8E91A220D5600298C9B /* AppDelegate.h */ = {isa = PBXFileReference; lastKnownFileType = sourcecode.c.h; path = AppDelegate.h; sourceTree = "<group>"; };
		9789D8EA1A220D5600298C9B /* AppDelegate.m */ = {isa = PBXFileReference; lastKnownFileType = sourcecode.c.objc; path = AppDelegate.m; sourceTree = "<group>"; };
		9789D8EC1A220D5600298C9B /* ListenRootViewController.h */ = {isa = PBXFileReference; lastKnownFileType = sourcecode.c.h; path = ListenRootViewController.h; sourceTree = "<group>"; };
		9789D8ED1A220D5600298C9B /* ListenRootViewController.m */ = {isa = PBXFileReference; lastKnownFileType = sourcecode.c.objc; path = ListenRootViewController.m; sourceTree = "<group>"; };
		9789D8EF1A220D5600298C9B /* PracticeRootViewController.h */ = {isa = PBXFileReference; lastKnownFileType = sourcecode.c.h; path = PracticeRootViewController.h; sourceTree = "<group>"; };
		9789D8F01A220D5600298C9B /* PracticeRootViewController.m */ = {isa = PBXFileReference; lastKnownFileType = sourcecode.c.objc; path = PracticeRootViewController.m; sourceTree = "<group>"; };
		9789D8F31A220D5600298C9B /* Base */ = {isa = PBXFileReference; lastKnownFileType = file.storyboard; name = Base; path = Base.lproj/Main.storyboard; sourceTree = "<group>"; };
		9789D8F81A220D5600298C9B /* Base */ = {isa = PBXFileReference; lastKnownFileType = file.xib; name = Base; path = Base.lproj/LaunchScreen.xib; sourceTree = "<group>"; };
		9789D8FE1A220D5600298C9B /* PinYinPracticeForiPhoneTests.xctest */ = {isa = PBXFileReference; explicitFileType = wrapper.cfbundle; includeInIndex = 0; path = PinYinPracticeForiPhoneTests.xctest; sourceTree = BUILT_PRODUCTS_DIR; };
		9789D9031A220D5600298C9B /* Info.plist */ = {isa = PBXFileReference; lastKnownFileType = text.plist.xml; path = Info.plist; sourceTree = "<group>"; };
		9789D9041A220D5600298C9B /* PinYinPracticeForiPhoneTests.m */ = {isa = PBXFileReference; lastKnownFileType = sourcecode.c.objc; path = PinYinPracticeForiPhoneTests.m; sourceTree = "<group>"; };
		978CE8051A2C4EE800B144FE /* Images.xcassets */ = {isa = PBXFileReference; lastKnownFileType = folder.assetcatalog; path = Images.xcassets; sourceTree = "<group>"; };
		9799DC101A2D5B8600F6579D /* CustomToneButton.h */ = {isa = PBXFileReference; fileEncoding = 4; lastKnownFileType = sourcecode.c.h; path = CustomToneButton.h; sourceTree = "<group>"; };
		9799DC111A2D5B8600F6579D /* CustomToneButton.m */ = {isa = PBXFileReference; fileEncoding = 4; lastKnownFileType = sourcecode.c.objc; path = CustomToneButton.m; sourceTree = "<group>"; };
		9799DC141A2D671A00F6579D /* CustomSelectToneIndicatorLabel.h */ = {isa = PBXFileReference; fileEncoding = 4; lastKnownFileType = sourcecode.c.h; path = CustomSelectToneIndicatorLabel.h; sourceTree = "<group>"; };
		9799DC151A2D671A00F6579D /* CustomSelectToneIndicatorLabel.m */ = {isa = PBXFileReference; fileEncoding = 4; lastKnownFileType = sourcecode.c.objc; path = CustomSelectToneIndicatorLabel.m; sourceTree = "<group>"; };
		9799DC171A2D690500F6579D /* CustomPinYinLabel.h */ = {isa = PBXFileReference; fileEncoding = 4; lastKnownFileType = sourcecode.c.h; path = CustomPinYinLabel.h; sourceTree = "<group>"; };
		9799DC181A2D690500F6579D /* CustomPinYinLabel.m */ = {isa = PBXFileReference; fileEncoding = 4; lastKnownFileType = sourcecode.c.objc; path = CustomPinYinLabel.m; sourceTree = "<group>"; };
		9799DC1A1A2D6E6100F6579D /* CustomPinyinTextField.h */ = {isa = PBXFileReference; fileEncoding = 4; lastKnownFileType = sourcecode.c.h; path = CustomPinyinTextField.h; sourceTree = "<group>"; };
		9799DC1B1A2D6E6100F6579D /* CustomPinyinTextField.m */ = {isa = PBXFileReference; fileEncoding = 4; lastKnownFileType = sourcecode.c.objc; path = CustomPinyinTextField.m; sourceTree = "<group>"; };
		9799DC1D1A2D8A7E00F6579D /* CustomToneLabel.h */ = {isa = PBXFileReference; fileEncoding = 4; lastKnownFileType = sourcecode.c.h; path = CustomToneLabel.h; sourceTree = "<group>"; };
		9799DC1E1A2D8A7E00F6579D /* CustomToneLabel.m */ = {isa = PBXFileReference; fileEncoding = 4; lastKnownFileType = sourcecode.c.objc; path = CustomToneLabel.m; sourceTree = "<group>"; };
		97B0248E1A2769D7005964FB /* PracticeTwoViewController.h */ = {isa = PBXFileReference; fileEncoding = 4; lastKnownFileType = sourcecode.c.h; path = PracticeTwoViewController.h; sourceTree = "<group>"; };
		97B0248F1A2769D7005964FB /* PracticeTwoViewController.m */ = {isa = PBXFileReference; fileEncoding = 4; lastKnownFileType = sourcecode.c.objc; path = PracticeTwoViewController.m; sourceTree = "<group>"; };
		97B024911A276A75005964FB /* PracticeTwoCollectionViewCell.h */ = {isa = PBXFileReference; fileEncoding = 4; lastKnownFileType = sourcecode.c.h; path = PracticeTwoCollectionViewCell.h; sourceTree = "<group>"; };
		97B024921A276A75005964FB /* PracticeTwoCollectionViewCell.m */ = {isa = PBXFileReference; fileEncoding = 4; lastKnownFileType = sourcecode.c.objc; path = PracticeTwoCollectionViewCell.m; sourceTree = "<group>"; };
		97B024951A277F18005964FB /* PracticeThreeCollectionViewCell.h */ = {isa = PBXFileReference; fileEncoding = 4; lastKnownFileType = sourcecode.c.h; path = PracticeThreeCollectionViewCell.h; sourceTree = "<group>"; };
		97B024961A277F18005964FB /* PracticeThreeCollectionViewCell.m */ = {isa = PBXFileReference; fileEncoding = 4; lastKnownFileType = sourcecode.c.objc; path = PracticeThreeCollectionViewCell.m; sourceTree = "<group>"; };
		97B024981A277F2E005964FB /* PracticeThreeViewController.h */ = {isa = PBXFileReference; fileEncoding = 4; lastKnownFileType = sourcecode.c.h; path = PracticeThreeViewController.h; sourceTree = "<group>"; };
		97B024991A277F2E005964FB /* PracticeThreeViewController.m */ = {isa = PBXFileReference; fileEncoding = 4; lastKnownFileType = sourcecode.c.objc; path = PracticeThreeViewController.m; sourceTree = "<group>"; };
		97C826961A295DA100016328 /* ParentRootViewController.h */ = {isa = PBXFileReference; fileEncoding = 4; lastKnownFileType = sourcecode.c.h; path = ParentRootViewController.h; sourceTree = "<group>"; };
		97C826971A295DA100016328 /* ParentRootViewController.m */ = {isa = PBXFileReference; fileEncoding = 4; lastKnownFileType = sourcecode.c.objc; path = ParentRootViewController.m; sourceTree = "<group>"; };
		97C8269A1A29674600016328 /* ItemCollectionViewCell.h */ = {isa = PBXFileReference; fileEncoding = 4; lastKnownFileType = sourcecode.c.h; path = ItemCollectionViewCell.h; sourceTree = "<group>"; };
		97C8269B1A29674700016328 /* ItemCollectionViewCell.m */ = {isa = PBXFileReference; fileEncoding = 4; lastKnownFileType = sourcecode.c.objc; path = ItemCollectionViewCell.m; sourceTree = "<group>"; };
		97C8269D1A2968BD00016328 /* ParentRootCollectionViewCell.h */ = {isa = PBXFileReference; fileEncoding = 4; lastKnownFileType = sourcecode.c.h; path = ParentRootCollectionViewCell.h; sourceTree = "<group>"; };
		97C8269E1A2968BD00016328 /* ParentRootCollectionViewCell.m */ = {isa = PBXFileReference; fileEncoding = 4; lastKnownFileType = sourcecode.c.objc; path = ParentRootCollectionViewCell.m; sourceTree = "<group>"; };
		97C826A11A2969DE00016328 /* ParentPracticeViewController.h */ = {isa = PBXFileReference; fileEncoding = 4; lastKnownFileType = sourcecode.c.h; path = ParentPracticeViewController.h; sourceTree = "<group>"; };
		97C826A21A2969DE00016328 /* ParentPracticeViewController.m */ = {isa = PBXFileReference; fileEncoding = 4; lastKnownFileType = sourcecode.c.objc; path = ParentPracticeViewController.m; sourceTree = "<group>"; };
		97C826A41A29C74000016328 /* ParentPracticeCollectionViewCell.h */ = {isa = PBXFileReference; fileEncoding = 4; lastKnownFileType = sourcecode.c.h; path = ParentPracticeCollectionViewCell.h; sourceTree = "<group>"; };
		97C826A51A29C74000016328 /* ParentPracticeCollectionViewCell.m */ = {isa = PBXFileReference; fileEncoding = 4; lastKnownFileType = sourcecode.c.objc; path = ParentPracticeCollectionViewCell.m; sourceTree = "<group>"; };
		97C877DA1A283B6A00C56490 /* Phrase.h */ = {isa = PBXFileReference; fileEncoding = 4; lastKnownFileType = sourcecode.c.h; path = Phrase.h; sourceTree = "<group>"; };
		97C877DB1A283B6A00C56490 /* Phrase.m */ = {isa = PBXFileReference; fileEncoding = 4; lastKnownFileType = sourcecode.c.objc; path = Phrase.m; sourceTree = "<group>"; };
		97C877DD1A283BDE00C56490 /* PhraseManager.h */ = {isa = PBXFileReference; fileEncoding = 4; lastKnownFileType = sourcecode.c.h; path = PhraseManager.h; sourceTree = "<group>"; };
		97C877DE1A283BDE00C56490 /* PhraseManager.m */ = {isa = PBXFileReference; fileEncoding = 4; lastKnownFileType = sourcecode.c.objc; path = PhraseManager.m; sourceTree = "<group>"; };
		97C897A51A28E02400C56490 /* FinalPinYinList.txt */ = {isa = PBXFileReference; fileEncoding = 4; lastKnownFileType = text; path = FinalPinYinList.txt; sourceTree = "<group>"; };
		97C897A71A28E03D00C56490 /* FullPinyin */ = {isa = PBXFileReference; lastKnownFileType = folder; path = FullPinyin; sourceTree = "<group>"; };
		97FA57501A26CA0100C47156 /* PracticeOneCollectionViewCell.h */ = {isa = PBXFileReference; fileEncoding = 4; lastKnownFileType = sourcecode.c.h; path = PracticeOneCollectionViewCell.h; sourceTree = "<group>"; };
		97FA57511A26CA0100C47156 /* PracticeOneCollectionViewCell.m */ = {isa = PBXFileReference; fileEncoding = 4; lastKnownFileType = sourcecode.c.objc; path = PracticeOneCollectionViewCell.m; sourceTree = "<group>"; };
		97FDE4DE1A2EABFF004D9F84 /* CustomPlayMp3Button.h */ = {isa = PBXFileReference; fileEncoding = 4; lastKnownFileType = sourcecode.c.h; path = CustomPlayMp3Button.h; sourceTree = "<group>"; };
		97FDE4DF1A2EABFF004D9F84 /* CustomPlayMp3Button.m */ = {isa = PBXFileReference; fileEncoding = 4; lastKnownFileType = sourcecode.c.objc; path = CustomPlayMp3Button.m; sourceTree = "<group>"; };
		A4AAA91D6DCD45D1935DA92F /* Pods.xcconfig */ = {isa = PBXFileReference; includeInIndex = 1; lastKnownFileType = text.xcconfig; name = Pods.xcconfig; path = Pods/Pods.xcconfig; sourceTree = "<group>"; };
/* End PBXFileReference section */

/* Begin PBXFrameworksBuildPhase section */
		9789D8DF1A220D5600298C9B /* Frameworks */ = {
			isa = PBXFrameworksBuildPhase;
			buildActionMask = 2147483647;
			files = (
				97134EA71A2435D5009A748D /* AVFoundation.framework in Frameworks */,
				A21CAD2EDAC5426F9FC0040A /* libPods.a in Frameworks */,
			);
			runOnlyForDeploymentPostprocessing = 0;
		};
		9789D8FB1A220D5600298C9B /* Frameworks */ = {
			isa = PBXFrameworksBuildPhase;
			buildActionMask = 2147483647;
			files = (
			);
			runOnlyForDeploymentPostprocessing = 0;
		};
/* End PBXFrameworksBuildPhase section */

/* Begin PBXGroup section */
		97134EB01A24866E009A748D /* ListenItem */ = {
			isa = PBXGroup;
			children = (
				97134EAA1A2447D8009A748D /* ListenItemViewController.h */,
				97134EAB1A2447D8009A748D /* ListenItemViewController.m */,
				97C8269A1A29674600016328 /* ItemCollectionViewCell.h */,
				97C8269B1A29674700016328 /* ItemCollectionViewCell.m */,
			);
			name = ListenItem;
			sourceTree = "<group>";
		};
		97616FD01A22D06B00C3CBD1 /* Listen */ = {
			isa = PBXGroup;
			children = (
				9789D8EC1A220D5600298C9B /* ListenRootViewController.h */,
				9789D8ED1A220D5600298C9B /* ListenRootViewController.m */,
				97134EB01A24866E009A748D /* ListenItem */,
			);
			name = Listen;
			sourceTree = "<group>";
		};
		97891A941A26154700FBE71F /* Practice */ = {
			isa = PBXGroup;
			children = (
				9789D8EF1A220D5600298C9B /* PracticeRootViewController.h */,
				9789D8F01A220D5600298C9B /* PracticeRootViewController.m */,
				97C826A01A2968D200016328 /* ParentPracticeViewController */,
				97FA57531A26CA0900C47156 /* Practice One */,
				97B024941A276A7A005964FB /* Practice Two */,
				97B0249B1A277F33005964FB /* Practice Three */,
			);
			name = Practice;
			sourceTree = "<group>";
		};
		9789D8D91A220D5600298C9B = {
			isa = PBXGroup;
			children = (
				97134EA61A2435D5009A748D /* AVFoundation.framework */,
				9789D8E41A220D5600298C9B /* PinYinPracticeForiPhone */,
				9789D9011A220D5600298C9B /* PinYinPracticeForiPhoneTests */,
				9789D8E31A220D5600298C9B /* Products */,
				A4AAA91D6DCD45D1935DA92F /* Pods.xcconfig */,
				DA79205EBCFF4DF99A53F1DE /* Frameworks */,
			);
			sourceTree = "<group>";
		};
		9789D8E31A220D5600298C9B /* Products */ = {
			isa = PBXGroup;
			children = (
				9789D8E21A220D5600298C9B /* PinYinPracticeForiPhone.app */,
				9789D8FE1A220D5600298C9B /* PinYinPracticeForiPhoneTests.xctest */,
			);
			name = Products;
			sourceTree = "<group>";
		};
		9789D8E41A220D5600298C9B /* PinYinPracticeForiPhone */ = {
			isa = PBXGroup;
			children = (
				9789D8E91A220D5600298C9B /* AppDelegate.h */,
				9789D8EA1A220D5600298C9B /* AppDelegate.m */,
				97616FD71A232EE500C3CBD1 /* Constants.h */,
				9799DC131A2D5B8D00F6579D /* CustomViewComponents */,
				97C877E01A283BEA00C56490 /* Model */,
				97C826991A2960E100016328 /* ParentRootViewController */,
				97616FD01A22D06B00C3CBD1 /* Listen */,
				97891A941A26154700FBE71F /* Practice */,
				9789D8F21A220D5600298C9B /* Main.storyboard */,
				9789D8F71A220D5600298C9B /* LaunchScreen.xib */,
				978CE8051A2C4EE800B144FE /* Images.xcassets */,
				9789D8E51A220D5600298C9B /* Supporting Files */,
			);
			path = PinYinPracticeForiPhone;
			sourceTree = "<group>";
		};
		9789D8E51A220D5600298C9B /* Supporting Files */ = {
			isa = PBXGroup;
			children = (
				9789D8E61A220D5600298C9B /* Info.plist */,
				97C897A51A28E02400C56490 /* FinalPinYinList.txt */,
				97C897A71A28E03D00C56490 /* FullPinyin */,
				9789D8E71A220D5600298C9B /* main.m */,
			);
			name = "Supporting Files";
			sourceTree = "<group>";
		};
		9789D9011A220D5600298C9B /* PinYinPracticeForiPhoneTests */ = {
			isa = PBXGroup;
			children = (
				9789D9041A220D5600298C9B /* PinYinPracticeForiPhoneTests.m */,
				9789D9021A220D5600298C9B /* Supporting Files */,
			);
			path = PinYinPracticeForiPhoneTests;
			sourceTree = "<group>";
		};
		9789D9021A220D5600298C9B /* Supporting Files */ = {
			isa = PBXGroup;
			children = (
				9789D9031A220D5600298C9B /* Info.plist */,
			);
			name = "Supporting Files";
			sourceTree = "<group>";
		};
		9799DC131A2D5B8D00F6579D /* CustomViewComponents */ = {
			isa = PBXGroup;
			children = (
				9799DC101A2D5B8600F6579D /* CustomToneButton.h */,
				9799DC111A2D5B8600F6579D /* CustomToneButton.m */,
				9799DC141A2D671A00F6579D /* CustomSelectToneIndicatorLabel.h */,
				9799DC151A2D671A00F6579D /* CustomSelectToneIndicatorLabel.m */,
				9799DC171A2D690500F6579D /* CustomPinYinLabel.h */,
				9799DC181A2D690500F6579D /* CustomPinYinLabel.m */,
				9799DC1A1A2D6E6100F6579D /* CustomPinyinTextField.h */,
				9799DC1B1A2D6E6100F6579D /* CustomPinyinTextField.m */,
				9799DC1D1A2D8A7E00F6579D /* CustomToneLabel.h */,
				9799DC1E1A2D8A7E00F6579D /* CustomToneLabel.m */,
				97FDE4DE1A2EABFF004D9F84 /* CustomPlayMp3Button.h */,
				97FDE4DF1A2EABFF004D9F84 /* CustomPlayMp3Button.m */,
			);
			name = CustomViewComponents;
			sourceTree = "<group>";
		};
		97B024941A276A7A005964FB /* Practice Two */ = {
			isa = PBXGroup;
			children = (
				97B0248E1A2769D7005964FB /* PracticeTwoViewController.h */,
				97B0248F1A2769D7005964FB /* PracticeTwoViewController.m */,
				97B024911A276A75005964FB /* PracticeTwoCollectionViewCell.h */,
				97B024921A276A75005964FB /* PracticeTwoCollectionViewCell.m */,
			);
			name = "Practice Two";
			sourceTree = "<group>";
		};
		97B0249B1A277F33005964FB /* Practice Three */ = {
			isa = PBXGroup;
			children = (
				97B024981A277F2E005964FB /* PracticeThreeViewController.h */,
				97B024991A277F2E005964FB /* PracticeThreeViewController.m */,
				97B024951A277F18005964FB /* PracticeThreeCollectionViewCell.h */,
				97B024961A277F18005964FB /* PracticeThreeCollectionViewCell.m */,
			);
			name = "Practice Three";
			sourceTree = "<group>";
		};
		97C826991A2960E100016328 /* ParentRootViewController */ = {
			isa = PBXGroup;
			children = (
				97C826961A295DA100016328 /* ParentRootViewController.h */,
				97C826971A295DA100016328 /* ParentRootViewController.m */,
				97616FD41A23201000C3CBD1 /* ParentRootViewFlowLayout.h */,
				97616FD51A23201000C3CBD1 /* ParentRootViewFlowLayout.m */,
				97C8269D1A2968BD00016328 /* ParentRootCollectionViewCell.h */,
				97C8269E1A2968BD00016328 /* ParentRootCollectionViewCell.m */,
			);
			name = ParentRootViewController;
			sourceTree = "<group>";
		};
		97C826A01A2968D200016328 /* ParentPracticeViewController */ = {
			isa = PBXGroup;
			children = (
				97C826A11A2969DE00016328 /* ParentPracticeViewController.h */,
				97C826A21A2969DE00016328 /* ParentPracticeViewController.m */,
				97C826A41A29C74000016328 /* ParentPracticeCollectionViewCell.h */,
				97C826A51A29C74000016328 /* ParentPracticeCollectionViewCell.m */,
			);
			name = ParentPracticeViewController;
			sourceTree = "<group>";
		};
		97C877E01A283BEA00C56490 /* Model */ = {
			isa = PBXGroup;
			children = (
				97C877DA1A283B6A00C56490 /* Phrase.h */,
				97C877DB1A283B6A00C56490 /* Phrase.m */,
				97C877DD1A283BDE00C56490 /* PhraseManager.h */,
				97C877DE1A283BDE00C56490 /* PhraseManager.m */,
			);
			name = Model;
			sourceTree = "<group>";
		};
		97FA57531A26CA0900C47156 /* Practice One */ = {
			isa = PBXGroup;
			children = (
				97891A951A26199C00FBE71F /* PracticeOneViewController.h */,
				97891A961A26199C00FBE71F /* PracticeOneViewController.m */,
				97FA57501A26CA0100C47156 /* PracticeOneCollectionViewCell.h */,
				97FA57511A26CA0100C47156 /* PracticeOneCollectionViewCell.m */,
			);
			name = "Practice One";
			sourceTree = "<group>";
		};
		DA79205EBCFF4DF99A53F1DE /* Frameworks */ = {
			isa = PBXGroup;
			children = (
				72D101F4BFE0492EA0764C61 /* libPods.a */,
			);
			name = Frameworks;
			sourceTree = "<group>";
		};
/* End PBXGroup section */

/* Begin PBXNativeTarget section */
		9789D8E11A220D5600298C9B /* PinYinPracticeForiPhone */ = {
			isa = PBXNativeTarget;
			buildConfigurationList = 9789D9081A220D5700298C9B /* Build configuration list for PBXNativeTarget "PinYinPracticeForiPhone" */;
			buildPhases = (
				52084D6CD6644C96B29CCD34 /* Check Pods Manifest.lock */,
				9789D8DE1A220D5600298C9B /* Sources */,
				9789D8DF1A220D5600298C9B /* Frameworks */,
				9789D8E01A220D5600298C9B /* Resources */,
				5E315096CDF54409ADE71D8D /* Copy Pods Resources */,
			);
			buildRules = (
			);
			dependencies = (
			);
			name = PinYinPracticeForiPhone;
			productName = PinYinPracticeForiPhone;
			productReference = 9789D8E21A220D5600298C9B /* PinYinPracticeForiPhone.app */;
			productType = "com.apple.product-type.application";
		};
		9789D8FD1A220D5600298C9B /* PinYinPracticeForiPhoneTests */ = {
			isa = PBXNativeTarget;
			buildConfigurationList = 9789D90B1A220D5700298C9B /* Build configuration list for PBXNativeTarget "PinYinPracticeForiPhoneTests" */;
			buildPhases = (
				9789D8FA1A220D5600298C9B /* Sources */,
				9789D8FB1A220D5600298C9B /* Frameworks */,
				9789D8FC1A220D5600298C9B /* Resources */,
			);
			buildRules = (
			);
			dependencies = (
				9789D9001A220D5600298C9B /* PBXTargetDependency */,
			);
			name = PinYinPracticeForiPhoneTests;
			productName = PinYinPracticeForiPhoneTests;
			productReference = 9789D8FE1A220D5600298C9B /* PinYinPracticeForiPhoneTests.xctest */;
			productType = "com.apple.product-type.bundle.unit-test";
		};
/* End PBXNativeTarget section */

/* Begin PBXProject section */
		9789D8DA1A220D5600298C9B /* Project object */ = {
			isa = PBXProject;
			attributes = {
				LastUpgradeCheck = 0610;
				ORGANIZATIONNAME = Xiaozhu;
				TargetAttributes = {
					9789D8E11A220D5600298C9B = {
						CreatedOnToolsVersion = 6.1;
					};
					9789D8FD1A220D5600298C9B = {
						CreatedOnToolsVersion = 6.1;
						TestTargetID = 9789D8E11A220D5600298C9B;
					};
				};
			};
			buildConfigurationList = 9789D8DD1A220D5600298C9B /* Build configuration list for PBXProject "PinYinPracticeForiPhone" */;
			compatibilityVersion = "Xcode 3.2";
			developmentRegion = English;
			hasScannedForEncodings = 0;
			knownRegions = (
				en,
				Base,
			);
			mainGroup = 9789D8D91A220D5600298C9B;
			productRefGroup = 9789D8E31A220D5600298C9B /* Products */;
			projectDirPath = "";
			projectRoot = "";
			targets = (
				9789D8E11A220D5600298C9B /* PinYinPracticeForiPhone */,
				9789D8FD1A220D5600298C9B /* PinYinPracticeForiPhoneTests */,
			);
		};
/* End PBXProject section */

/* Begin PBXResourcesBuildPhase section */
		9789D8E01A220D5600298C9B /* Resources */ = {
			isa = PBXResourcesBuildPhase;
			buildActionMask = 2147483647;
			files = (
				9789D8F41A220D5600298C9B /* Main.storyboard in Resources */,
				978CE8061A2C4EE800B144FE /* Images.xcassets in Resources */,
				9789D8F91A220D5600298C9B /* LaunchScreen.xib in Resources */,
				97C897A61A28E02400C56490 /* FinalPinYinList.txt in Resources */,
				97C897A81A28E03D00C56490 /* FullPinyin in Resources */,
			);
			runOnlyForDeploymentPostprocessing = 0;
		};
		9789D8FC1A220D5600298C9B /* Resources */ = {
			isa = PBXResourcesBuildPhase;
			buildActionMask = 2147483647;
			files = (
			);
			runOnlyForDeploymentPostprocessing = 0;
		};
/* End PBXResourcesBuildPhase section */

/* Begin PBXShellScriptBuildPhase section */
		52084D6CD6644C96B29CCD34 /* Check Pods Manifest.lock */ = {
			isa = PBXShellScriptBuildPhase;
			buildActionMask = 2147483647;
			files = (
			);
			inputPaths = (
			);
			name = "Check Pods Manifest.lock";
			outputPaths = (
			);
			runOnlyForDeploymentPostprocessing = 0;
			shellPath = /bin/sh;
			shellScript = "diff \"${PODS_ROOT}/../Podfile.lock\" \"${PODS_ROOT}/Manifest.lock\" > /dev/null\nif [[ $? != 0 ]] ; then\n    cat << EOM\nerror: The sandbox is not in sync with the Podfile.lock. Run 'pod install' or update your CocoaPods installation.\nEOM\n    exit 1\nfi\n";
			showEnvVarsInLog = 0;
		};
		5E315096CDF54409ADE71D8D /* Copy Pods Resources */ = {
			isa = PBXShellScriptBuildPhase;
			buildActionMask = 2147483647;
			files = (
			);
			inputPaths = (
			);
			name = "Copy Pods Resources";
			outputPaths = (
			);
			runOnlyForDeploymentPostprocessing = 0;
			shellPath = /bin/sh;
			shellScript = "\"${SRCROOT}/Pods/Pods-resources.sh\"\n";
			showEnvVarsInLog = 0;
		};
/* End PBXShellScriptBuildPhase section */

/* Begin PBXSourcesBuildPhase section */
		9789D8DE1A220D5600298C9B /* Sources */ = {
			isa = PBXSourcesBuildPhase;
			buildActionMask = 2147483647;
			files = (
				97FA57521A26CA0100C47156 /* PracticeOneCollectionViewCell.m in Sources */,
				97C826A61A29C74000016328 /* ParentPracticeCollectionViewCell.m in Sources */,
				9799DC161A2D671A00F6579D /* CustomSelectToneIndicatorLabel.m in Sources */,
				97C826A31A2969DE00016328 /* ParentPracticeViewController.m in Sources */,
				9799DC191A2D690500F6579D /* CustomPinYinLabel.m in Sources */,
				97891A971A26199C00FBE71F /* PracticeOneViewController.m in Sources */,
				97B024971A277F19005964FB /* PracticeThreeCollectionViewCell.m in Sources */,
				97B024901A2769D7005964FB /* PracticeTwoViewController.m in Sources */,
				97FDE4E01A2EABFF004D9F84 /* CustomPlayMp3Button.m in Sources */,
				97C877DC1A283B6A00C56490 /* Phrase.m in Sources */,
				97616FD61A23201000C3CBD1 /* ParentRootViewFlowLayout.m in Sources */,
				9799DC1C1A2D6E6100F6579D /* CustomPinyinTextField.m in Sources */,
				97134EAC1A2447D8009A748D /* ListenItemViewController.m in Sources */,
				97C826981A295DA100016328 /* ParentRootViewController.m in Sources */,
				97C877DF1A283BDE00C56490 /* PhraseManager.m in Sources */,
				97B024931A276A75005964FB /* PracticeTwoCollectionViewCell.m in Sources */,
				97B0249A1A277F2E005964FB /* PracticeThreeViewController.m in Sources */,
				97C8269C1A29674700016328 /* ItemCollectionViewCell.m in Sources */,
				9799DC121A2D5B8600F6579D /* CustomToneButton.m in Sources */,
				9789D8F11A220D5600298C9B /* PracticeRootViewController.m in Sources */,
				9789D8EB1A220D5600298C9B /* AppDelegate.m in Sources */,
				9789D8EE1A220D5600298C9B /* ListenRootViewController.m in Sources */,
				9799DC1F1A2D8A7E00F6579D /* CustomToneLabel.m in Sources */,
				97C8269F1A2968BD00016328 /* ParentRootCollectionViewCell.m in Sources */,
				9789D8E81A220D5600298C9B /* main.m in Sources */,
			);
			runOnlyForDeploymentPostprocessing = 0;
		};
		9789D8FA1A220D5600298C9B /* Sources */ = {
			isa = PBXSourcesBuildPhase;
			buildActionMask = 2147483647;
			files = (
				9789D9051A220D5600298C9B /* PinYinPracticeForiPhoneTests.m in Sources */,
			);
			runOnlyForDeploymentPostprocessing = 0;
		};
/* End PBXSourcesBuildPhase section */

/* Begin PBXTargetDependency section */
		9789D9001A220D5600298C9B /* PBXTargetDependency */ = {
			isa = PBXTargetDependency;
			target = 9789D8E11A220D5600298C9B /* PinYinPracticeForiPhone */;
			targetProxy = 9789D8FF1A220D5600298C9B /* PBXContainerItemProxy */;
		};
/* End PBXTargetDependency section */

/* Begin PBXVariantGroup section */
		9789D8F21A220D5600298C9B /* Main.storyboard */ = {
			isa = PBXVariantGroup;
			children = (
				9789D8F31A220D5600298C9B /* Base */,
			);
			name = Main.storyboard;
			sourceTree = "<group>";
		};
		9789D8F71A220D5600298C9B /* LaunchScreen.xib */ = {
			isa = PBXVariantGroup;
			children = (
				9789D8F81A220D5600298C9B /* Base */,
			);
			name = LaunchScreen.xib;
			sourceTree = "<group>";
		};
/* End PBXVariantGroup section */

/* Begin XCBuildConfiguration section */
		9789D9061A220D5700298C9B /* Debug */ = {
			isa = XCBuildConfiguration;
			buildSettings = {
				ALWAYS_SEARCH_USER_PATHS = NO;
				CLANG_CXX_LANGUAGE_STANDARD = "gnu++0x";
				CLANG_CXX_LIBRARY = "libc++";
				CLANG_ENABLE_MODULES = YES;
				CLANG_ENABLE_OBJC_ARC = YES;
				CLANG_WARN_BOOL_CONVERSION = YES;
				CLANG_WARN_CONSTANT_CONVERSION = YES;
				CLANG_WARN_DIRECT_OBJC_ISA_USAGE = YES_ERROR;
				CLANG_WARN_EMPTY_BODY = YES;
				CLANG_WARN_ENUM_CONVERSION = YES;
				CLANG_WARN_INT_CONVERSION = YES;
				CLANG_WARN_OBJC_ROOT_CLASS = YES_ERROR;
				CLANG_WARN_UNREACHABLE_CODE = YES;
				CLANG_WARN__DUPLICATE_METHOD_MATCH = YES;
				"CODE_SIGN_IDENTITY[sdk=iphoneos*]" = "iPhone Developer";
				COPY_PHASE_STRIP = NO;
				ENABLE_STRICT_OBJC_MSGSEND = YES;
				GCC_C_LANGUAGE_STANDARD = gnu99;
				GCC_DYNAMIC_NO_PIC = NO;
				GCC_OPTIMIZATION_LEVEL = 0;
				GCC_PREPROCESSOR_DEFINITIONS = (
					"DEBUG=1",
					"$(inherited)",
				);
				GCC_SYMBOLS_PRIVATE_EXTERN = NO;
				GCC_WARN_64_TO_32_BIT_CONVERSION = YES;
				GCC_WARN_ABOUT_RETURN_TYPE = YES_ERROR;
				GCC_WARN_UNDECLARED_SELECTOR = YES;
				GCC_WARN_UNINITIALIZED_AUTOS = YES_AGGRESSIVE;
				GCC_WARN_UNUSED_FUNCTION = YES;
				GCC_WARN_UNUSED_VARIABLE = YES;
				IPHONEOS_DEPLOYMENT_TARGET = 7.0;
				MTL_ENABLE_DEBUG_INFO = YES;
				ONLY_ACTIVE_ARCH = YES;
				SDKROOT = iphoneos;
			};
			name = Debug;
		};
		9789D9071A220D5700298C9B /* Release */ = {
			isa = XCBuildConfiguration;
			buildSettings = {
				ALWAYS_SEARCH_USER_PATHS = NO;
				CLANG_CXX_LANGUAGE_STANDARD = "gnu++0x";
				CLANG_CXX_LIBRARY = "libc++";
				CLANG_ENABLE_MODULES = YES;
				CLANG_ENABLE_OBJC_ARC = YES;
				CLANG_WARN_BOOL_CONVERSION = YES;
				CLANG_WARN_CONSTANT_CONVERSION = YES;
				CLANG_WARN_DIRECT_OBJC_ISA_USAGE = YES_ERROR;
				CLANG_WARN_EMPTY_BODY = YES;
				CLANG_WARN_ENUM_CONVERSION = YES;
				CLANG_WARN_INT_CONVERSION = YES;
				CLANG_WARN_OBJC_ROOT_CLASS = YES_ERROR;
				CLANG_WARN_UNREACHABLE_CODE = YES;
				CLANG_WARN__DUPLICATE_METHOD_MATCH = YES;
				"CODE_SIGN_IDENTITY[sdk=iphoneos*]" = "iPhone Developer";
				COPY_PHASE_STRIP = YES;
				ENABLE_NS_ASSERTIONS = NO;
				ENABLE_STRICT_OBJC_MSGSEND = YES;
				GCC_C_LANGUAGE_STANDARD = gnu99;
				GCC_WARN_64_TO_32_BIT_CONVERSION = YES;
				GCC_WARN_ABOUT_RETURN_TYPE = YES_ERROR;
				GCC_WARN_UNDECLARED_SELECTOR = YES;
				GCC_WARN_UNINITIALIZED_AUTOS = YES_AGGRESSIVE;
				GCC_WARN_UNUSED_FUNCTION = YES;
				GCC_WARN_UNUSED_VARIABLE = YES;
				IPHONEOS_DEPLOYMENT_TARGET = 7.0;
				MTL_ENABLE_DEBUG_INFO = NO;
				SDKROOT = iphoneos;
				VALIDATE_PRODUCT = YES;
			};
			name = Release;
		};
		9789D9091A220D5700298C9B /* Debug */ = {
			isa = XCBuildConfiguration;
			baseConfigurationReference = A4AAA91D6DCD45D1935DA92F /* Pods.xcconfig */;
			buildSettings = {
				ASSETCATALOG_COMPILER_APPICON_NAME = AppIcon;
				ASSETCATALOG_COMPILER_LAUNCHIMAGE_NAME = LaunchImage;
				INFOPLIST_FILE = PinYinPracticeForiPhone/Info.plist;
				IPHONEOS_DEPLOYMENT_TARGET = 7.0;
				LD_RUNPATH_SEARCH_PATHS = "$(inherited) @executable_path/Frameworks";
				PRODUCT_NAME = "$(TARGET_NAME)";
				TARGETED_DEVICE_FAMILY = "1,2";
			};
			name = Debug;
		};
		9789D90A1A220D5700298C9B /* Release */ = {
			isa = XCBuildConfiguration;
			baseConfigurationReference = A4AAA91D6DCD45D1935DA92F /* Pods.xcconfig */;
			buildSettings = {
				ASSETCATALOG_COMPILER_APPICON_NAME = AppIcon;
				ASSETCATALOG_COMPILER_LAUNCHIMAGE_NAME = LaunchImage;
				INFOPLIST_FILE = PinYinPracticeForiPhone/Info.plist;
				IPHONEOS_DEPLOYMENT_TARGET = 7.0;
				LD_RUNPATH_SEARCH_PATHS = "$(inherited) @executable_path/Frameworks";
				PRODUCT_NAME = "$(TARGET_NAME)";
				TARGETED_DEVICE_FAMILY = "1,2";
			};
			name = Release;
		};
		9789D90C1A220D5700298C9B /* Debug */ = {
			isa = XCBuildConfiguration;
			buildSettings = {
				BUNDLE_LOADER = "$(TEST_HOST)";
				FRAMEWORK_SEARCH_PATHS = (
					"$(SDKROOT)/Developer/Library/Frameworks",
					"$(inherited)",
				);
				GCC_PREPROCESSOR_DEFINITIONS = (
					"DEBUG=1",
					"$(inherited)",
				);
				INFOPLIST_FILE = PinYinPracticeForiPhoneTests/Info.plist;
				LD_RUNPATH_SEARCH_PATHS = "$(inherited) @executable_path/Frameworks @loader_path/Frameworks";
				PRODUCT_NAME = "$(TARGET_NAME)";
				TEST_HOST = "$(BUILT_PRODUCTS_DIR)/PinYinPracticeForiPhone.app/PinYinPracticeForiPhone";
			};
			name = Debug;
		};
		9789D90D1A220D5700298C9B /* Release */ = {
			isa = XCBuildConfiguration;
			buildSettings = {
				BUNDLE_LOADER = "$(TEST_HOST)";
				FRAMEWORK_SEARCH_PATHS = (
					"$(SDKROOT)/Developer/Library/Frameworks",
					"$(inherited)",
				);
				INFOPLIST_FILE = PinYinPracticeForiPhoneTests/Info.plist;
				LD_RUNPATH_SEARCH_PATHS = "$(inherited) @executable_path/Frameworks @loader_path/Frameworks";
				PRODUCT_NAME = "$(TARGET_NAME)";
				TEST_HOST = "$(BUILT_PRODUCTS_DIR)/PinYinPracticeForiPhone.app/PinYinPracticeForiPhone";
			};
			name = Release;
		};
/* End XCBuildConfiguration section */

/* Begin XCConfigurationList section */
		9789D8DD1A220D5600298C9B /* Build configuration list for PBXProject "PinYinPracticeForiPhone" */ = {
			isa = XCConfigurationList;
			buildConfigurations = (
				9789D9061A220D5700298C9B /* Debug */,
				9789D9071A220D5700298C9B /* Release */,
			);
			defaultConfigurationIsVisible = 0;
			defaultConfigurationName = Release;
		};
		9789D9081A220D5700298C9B /* Build configuration list for PBXNativeTarget "PinYinPracticeForiPhone" */ = {
			isa = XCConfigurationList;
			buildConfigurations = (
				9789D9091A220D5700298C9B /* Debug */,
				9789D90A1A220D5700298C9B /* Release */,
			);
			defaultConfigurationIsVisible = 0;
			defaultConfigurationName = Release;
		};
		9789D90B1A220D5700298C9B /* Build configuration list for PBXNativeTarget "PinYinPracticeForiPhoneTests" */ = {
			isa = XCConfigurationList;
			buildConfigurations = (
				9789D90C1A220D5700298C9B /* Debug */,
				9789D90D1A220D5700298C9B /* Release */,
			);
			defaultConfigurationIsVisible = 0;
			defaultConfigurationName = Release;
		};
/* End XCConfigurationList section */
	};
	rootObject = 9789D8DA1A220D5600298C9B /* Project object */;
}
